
Microsoft Visual Studio Solution File, Format Version 12.00
# Visual Studio Version 17
VisualStudioVersion = 17.3.32929.385
MinimumVisualStudioVersion = 10.0.40219.1
Project("{FAE04EC0-301F-11D3-BF4B-00C04F79EFBC}") = "RankingApp", "RankingApp\RankingApp.csproj", "{7AA79624-7648-45C4-BDA3-86E6F709F65F}"
EndProject
Global
	GlobalSection(SolutionConfigurationPlatforms) = preSolution
		Debug|Any CPU = Debug|Any CPU
		Release|Any CPU = Release|Any CPU
	EndGlobalSection
	GlobalSection(ProjectConfigurationPlatforms) = postSolution
		{7AA79624-7648-45C4-BDA3-86E6F709F65F}.Debug|Any CPU.ActiveCfg = Debug|Any CPU
		{7AA79624-7648-45C4-BDA3-86E6F709F65F}.Debug|Any CPU.Build.0 = Debug|Any CPU
		{7AA79624-7648-45C4-BDA3-86E6F709F65F}.Release|Any CPU.ActiveCfg = Release|Any CPU
		{7AA79624-7648-45C4-BDA3-86E6F709F65F}.Release|Any CPU.Build.0 = Release|Any CPU
	EndGlobalSection
	GlobalSection(SolutionProperties) = preSolution
		HideSolutionNode = FALSE
	EndGlobalSection
	GlobalSection(ExtensibilityGlobals) = postSolution
		SolutionGuid = {504F6091-75E9-41C8-BC3D-36D4989349FC}
	EndGlobalSection
EndGlobal
